
Microsoft Visual Studio Solution File, Format Version 12.00
# Visual Studio Version 17
VisualStudioVersion = 17.6.33723.286
MinimumVisualStudioVersion = 10.0.40219.1
Project("{FAE04EC0-301F-11D3-BF4B-00C04F79EFBC}") = "AspNetCoreMVCCRUD", "AspNetCoreMVCCRUD\AspNetCoreMVCCRUD.csproj", "{EE2F936F-E2AA-47B7-A977-443FD4E9E09D}"
EndProject
Global
	GlobalSection(SolutionConfigurationPlatforms) = preSolution
		Debug|Any CPU = Debug|Any CPU
		Release|Any CPU = Release|Any CPU
	EndGlobalSection
	GlobalSection(ProjectConfigurationPlatforms) = postSolution
		{EE2F936F-E2AA-47B7-A977-443FD4E9E09D}.Debug|Any CPU.ActiveCfg = Debug|Any CPU
		{EE2F936F-E2AA-47B7-A977-443FD4E9E09D}.Debug|Any CPU.Build.0 = Debug|Any CPU
		{EE2F936F-E2AA-47B7-A977-443FD4E9E09D}.Release|Any CPU.ActiveCfg = Release|Any CPU
		{EE2F936F-E2AA-47B7-A977-443FD4E9E09D}.Release|Any CPU.Build.0 = Release|Any CPU
	EndGlobalSection
	GlobalSection(SolutionProperties) = preSolution
		HideSolutionNode = FALSE
	EndGlobalSection
	GlobalSection(ExtensibilityGlobals) = postSolution
		SolutionGuid = {967E100D-24AB-4CC7-A30A-66D8B70ED7C2}
	EndGlobalSection
EndGlobal
